dependencies:
  esp-idf-lib/esp_idf_lib_helpers:
    component_hash: 689853bb8993434f9556af0f2816e808bf77b5d22100144b21f3519993daf237
    dependencies: []
    source:
      registry_url: https://components.espressif.com
      type: service
    targets:
    - esp32
    - esp32c2
    - esp32c3
    - esp32c5
    - esp32c6
    - esp32c61
    - esp32h2
    - esp32p4
    - esp32s2
    - esp32s3
    version: 1.4.0
  esp-idf-lib/i2cdev:
    component_hash: 4f3838b2e68ab2b77fd43737139fa97dd0243b46af7b4a04588c67ff6b275ba1
    dependencies:
    - name: esp-idf-lib/esp_idf_lib_helpers
      registry_url: https://components.espressif.com
      require: private
      version: '*'
    source:
      registry_url: https://components.espressif.com
      type: service
    targets:
    - esp32
    - esp32c2
    - esp32c3
    - esp32c5
    - esp32c6
    - esp32c61
    - esp32h2
    - esp32p4
    - esp32s2
    - esp32s3
    version: 2.1.0
  esp-idf-lib/mpu6050:
    component_hash: 27ad813d05b7e9b70bd7284414915183a8d10899b3edbfde94277689fd9752e4
    dependencies:
    - name: esp-idf-lib/esp_idf_lib_helpers
      registry_url: https://components.espressif.com
      require: private
      version: '*'
    - name: esp-idf-lib/i2cdev
      registry_url: https://components.espressif.com
      require: private
      version: '*'
    source:
      registry_url: https://components.espressif.com/
      type: service
    targets:
    - esp32
    - esp32c2
    - esp32c3
    - esp32c5
    - esp32c6
    - esp32c61
    - esp32h2
    - esp32p4
    - esp32s2
    - esp32s3
    version: 2.1.8
  grrtzm/vl53l1x_library:
    component_hash: 845575d40220f911d635e1f3ac3209863d79ec5e17e93a6dea8345d0e082e854
    dependencies:
    - name: idf
      require: private
      version: '>=5.5.2'
    source:
      registry_url: https://components.espressif.com/
      type: service
    targets:
    - esp32
    - esp32s2
    - esp32s3
    - esp32c3
    - esp32c6
    version: 0.3.1
  idf:
    source:
      type: idf
    version: 5.5.2
direct_dependencies:
- esp-idf-lib/mpu6050
- grrtzm/vl53l1x_library
- idf
manifest_hash: 67edee59d27764eeee28673bb0b81a03e7327dc30cf2855db56b2e48d44179ba
target: esp32
version: 2.0.0
